speakeasyVersion: 1.789.0
sources:
    swagger-json:
        sourceNamespace: swagger-json
        sourceRevisionDigest: sha256:5f0d53ae87c0c797fd5bb43a4a0e925f2aa226464790694c3fbbcb4c5c238c50
        sourceBlobDigest: sha256:dcd58f9676bb05dade69949a7a1acc747d76f8f073ec9e5649a93b5e693808c1
        tags:
            - latest
            - "1.0"
targets:
    flexprice-go:
        source: swagger-json
        sourceNamespace: swagger-json
        sourceRevisionDigest: sha256:5f0d53ae87c0c797fd5bb43a4a0e925f2aa226464790694c3fbbcb4c5c238c50
        sourceBlobDigest: sha256:dcd58f9676bb05dade69949a7a1acc747d76f8f073ec9e5649a93b5e693808c1
        codeSamplesNamespace: swagger-json-go-code-samples
        codeSamplesRevisionDigest: sha256:95bc32ef9a55ec02606fa7102182bc34bf9d8737b1eb6ab17e957c316469911d
    flexprice-mcp:
        source: swagger-json-mcp
    flexprice-python:
        source: swagger-json
        sourceNamespace: swagger-json
        sourceRevisionDigest: sha256:5f0d53ae87c0c797fd5bb43a4a0e925f2aa226464790694c3fbbcb4c5c238c50
        sourceBlobDigest: sha256:dcd58f9676bb05dade69949a7a1acc747d76f8f073ec9e5649a93b5e693808c1
        codeSamplesNamespace: swagger-json-python-code-samples
        codeSamplesRevisionDigest: sha256:e6d48edde1bb1184ff18020c1be33e4083b40490bd01bb2cff86dd11e40749d0
    flexprice-typescript:
        source: swagger-json
        sourceNamespace: swagger-json
        sourceRevisionDigest: sha256:5f0d53ae87c0c797fd5bb43a4a0e925f2aa226464790694c3fbbcb4c5c238c50
        sourceBlobDigest: sha256:dcd58f9676bb05dade69949a7a1acc747d76f8f073ec9e5649a93b5e693808c1
        codeSamplesNamespace: swagger-json-typescript-code-samples
        codeSamplesRevisionDigest: sha256:ebe5a9c3330ceeb355560559594eff9ed1970d4355098f3f6c372e2ff9e94466
workflow:
    workflowVersion: 1.0.0
    speakeasyVersion: latest
    sources:
        swagger-json:
            inputs:
                - location: docs/swagger/swagger-3-0.json
            overlays:
                - location: .speakeasy/overlays/flexprice-sdk.yaml
            registry:
                location: registry.speakeasyapi.dev/flexprice/prod/swagger-json
        swagger-json-mcp:
            inputs:
                - location: docs/swagger/swagger-3-0-mcp.json
    targets:
        flexprice-go:
            target: go
            source: swagger-json
            output: ./api/go
            codeSamples:
                registry:
                    location: registry.speakeasyapi.dev/flexprice/prod/swagger-json-go-code-samples
                labelOverride:
                    fixedValue: Go (SDK)
                blocking: false
        flexprice-mcp:
            target: mcp-typescript
            source: swagger-json-mcp
            output: ./api/mcp
            publish:
                npm:
                    token: $npm_token
        flexprice-python:
            target: python
            source: swagger-json
            output: ./api/python
            publish:
                pypi:
                    token: $pypi_token
            codeSamples:
                registry:
                    location: registry.speakeasyapi.dev/flexprice/prod/swagger-json-python-code-samples
                labelOverride:
                    fixedValue: Python (SDK)
                blocking: false
        flexprice-typescript:
            target: typescript
            source: swagger-json
            output: ./api/typescript
            publish:
                npm:
                    token: $npm_token
            codeSamples:
                registry:
                    location: registry.speakeasyapi.dev/flexprice/prod/swagger-json-typescript-code-samples
                labelOverride:
                    fixedValue: Typescript (SDK)
                blocking: false
